
Microsoft Visual Studio Solution File, Format Version 12.00
# Visual Studio Version 17
VisualStudioVersion = 17.4.33103.184
MinimumVisualStudioVersion = 10.0.40219.1
Project("{FAE04EC0-301F-11D3-BF4B-00C04F79EFBC}") = "ByteBank", "ByteBank\ByteBank.csproj", "{7D278089-C0CF-406C-9707-EF12818FADFE}"
EndProject
Global
	GlobalSection(SolutionConfigurationPlatforms) = preSolution
		Debug|Any CPU = Debug|Any CPU
		Release|Any CPU = Release|Any CPU
	EndGlobalSection
	GlobalSection(ProjectConfigurationPlatforms) = postSolution
		{7D278089-C0CF-406C-9707-EF12818FADFE}.Debug|Any CPU.ActiveCfg = Debug|Any CPU
		{7D278089-C0CF-406C-9707-EF12818FADFE}.Debug|Any CPU.Build.0 = Debug|Any CPU
		{7D278089-C0CF-406C-9707-EF12818FADFE}.Release|Any CPU.ActiveCfg = Release|Any CPU
		{7D278089-C0CF-406C-9707-EF12818FADFE}.Release|Any CPU.Build.0 = Release|Any CPU
	EndGlobalSection
	GlobalSection(SolutionProperties) = preSolution
		HideSolutionNode = FALSE
	EndGlobalSection
	GlobalSection(ExtensibilityGlobals) = postSolution
		SolutionGuid = {827833DB-40E6-49A6-B08C-15FD6F53B99D}
	EndGlobalSection
EndGlobal
